
Microsoft Visual Studio Solution File, Format Version 12.00
# Visual Studio Version 16
VisualStudioVersion = 16.0.30104.148
MinimumVisualStudioVersion = 10.0.40219.1
Project("{9A19103F-16F7-4668-BE54-9A1E7A4F7556}") = "YoutubeApi", "YoutubeApi\YoutubeApi.csproj", "{CCD39324-B746-444E-B0B4-FE8B56E0D4CF}"
EndProject
Project("{FAE04EC0-301F-11D3-BF4B-00C04F79EFBC}") = "YoutubeDTO", "YoutubeDTO\YoutubeDTO.csproj", "{884F3081-E6D3-44FE-9168-1ECD873ED58F}"
EndProject
Project("{FAE04EC0-301F-11D3-BF4B-00C04F79EFBC}") = "YoutubeDownloadService", "YoutubeDownloadService\YoutubeDownloadService.csproj", "{3BAF820E-9614-4DD3-BC02-A7FA1D61E930}"
EndProject
Global
	GlobalSection(SolutionConfigurationPlatforms) = preSolution
		Debug|Any CPU = Debug|Any CPU
		Release|Any CPU = Release|Any CPU
	EndGlobalSection
	GlobalSection(ProjectConfigurationPlatforms) = postSolution
		{CCD39324-B746-444E-B0B4-FE8B56E0D4CF}.Debug|Any CPU.ActiveCfg = Debug|Any CPU
		{CCD39324-B746-444E-B0B4-FE8B56E0D4CF}.Debug|Any CPU.Build.0 = Debug|Any CPU
		{CCD39324-B746-444E-B0B4-FE8B56E0D4CF}.Release|Any CPU.ActiveCfg = Release|Any CPU
		{CCD39324-B746-444E-B0B4-FE8B56E0D4CF}.Release|Any CPU.Build.0 = Release|Any CPU
		{884F3081-E6D3-44FE-9168-1ECD873ED58F}.Debug|Any CPU.ActiveCfg = Debug|Any CPU
		{884F3081-E6D3-44FE-9168-1ECD873ED58F}.Debug|Any CPU.Build.0 = Debug|Any CPU
		{884F3081-E6D3-44FE-9168-1ECD873ED58F}.Release|Any CPU.ActiveCfg = Release|Any CPU
		{884F3081-E6D3-44FE-9168-1ECD873ED58F}.Release|Any CPU.Build.0 = Release|Any CPU
		{3BAF820E-9614-4DD3-BC02-A7FA1D61E930}.Debug|Any CPU.ActiveCfg = Debug|Any CPU
		{3BAF820E-9614-4DD3-BC02-A7FA1D61E930}.Debug|Any CPU.Build.0 = Debug|Any CPU
		{3BAF820E-9614-4DD3-BC02-A7FA1D61E930}.Release|Any CPU.ActiveCfg = Release|Any CPU
		{3BAF820E-9614-4DD3-BC02-A7FA1D61E930}.Release|Any CPU.Build.0 = Release|Any CPU
	EndGlobalSection
	GlobalSection(SolutionProperties) = preSolution
		HideSolutionNode = FALSE
	EndGlobalSection
	GlobalSection(ExtensibilityGlobals) = postSolution
		SolutionGuid = {74445F9B-66E2-4F95-8A4C-65E2A8D83D8F}
	EndGlobalSection
EndGlobal
